
Microsoft Visual Studio Solution File, Format Version 12.00
# Visual Studio 15
VisualStudioVersion = 15.0.28307.329
MinimumVisualStudioVersion = 10.0.40219.1
Project("{FAE04EC0-301F-11D3-BF4B-00C04F79EFBC}") = "Console RPG", "Console RPG\Console RPG.csproj", "{DBDC3065-1551-45AA-9483-17F84CC8627B}"
EndProject
Global
	GlobalSection(SolutionConfigurationPlatforms) = preSolution
		Debug|Any CPU = Debug|Any CPU
		Release|Any CPU = Release|Any CPU
	EndGlobalSection
	GlobalSection(ProjectConfigurationPlatforms) = postSolution
		{DBDC3065-1551-45AA-9483-17F84CC8627B}.Debug|Any CPU.ActiveCfg = Debug|Any CPU
		{DBDC3065-1551-45AA-9483-17F84CC8627B}.Debug|Any CPU.Build.0 = Debug|Any CPU
		{DBDC3065-1551-45AA-9483-17F84CC8627B}.Release|Any CPU.ActiveCfg = Release|Any CPU
		{DBDC3065-1551-45AA-9483-17F84CC8627B}.Release|Any CPU.Build.0 = Release|Any CPU
	EndGlobalSection
	GlobalSection(SolutionProperties) = preSolution
		HideSolutionNode = FALSE
	EndGlobalSection
	GlobalSection(ExtensibilityGlobals) = postSolution
		SolutionGuid = {04F0A652-9AB5-4152-8709-0A20E6849056}
	EndGlobalSection
EndGlobal
